// !$*UTF8*$!
{
	archiveVersion = 1;
	classes = {
	};
	objectVersion = 46;
	objects = {

/* Begin PBXBuildFile section */
		0081E2B05F30CEE83A960AE6 /* libPods-iWish.a in Frameworks */ = {isa = PBXBuildFile; fileRef = 0A3C14052DD958D26580CB9A /* libPods-iWish.a */; };
		AACDCC4B1CFC4E84001CB851 /* main.m in Sources */ = {isa = PBXBuildFile; fileRef = AACDCC4A1CFC4E84001CB851 /* main.m */; };
		AACDCC4E1CFC4E84001CB851 /* AppDelegate.m in Sources */ = {isa = PBXBuildFile; fileRef = AACDCC4D1CFC4E84001CB851 /* AppDelegate.m */; };
		AACDCC541CFC4E84001CB851 /* Main.storyboard in Resources */ = {isa = PBXBuildFile; fileRef = AACDCC521CFC4E84001CB851 /* Main.storyboard */; };
		AACDCC571CFC4E84001CB851 /* iWish.xcdatamodeld in Sources */ = {isa = PBXBuildFile; fileRef = AACDCC551CFC4E84001CB851 /* iWish.xcdatamodeld */; };
		AACDCC591CFC4E84001CB851 /* Assets.xcassets in Resources */ = {isa = PBXBuildFile; fileRef = AACDCC581CFC4E84001CB851 /* Assets.xcassets */; };
		AACDCC5C1CFC4E84001CB851 /* LaunchScreen.storyboard in Resources */ = {isa = PBXBuildFile; fileRef = AACDCC5A1CFC4E84001CB851 /* LaunchScreen.storyboard */; };
		AACDCC6C1CFC7421001CB851 /* List+CoreDataProperties.m in Sources */ = {isa = PBXBuildFile; fileRef = AACDCC651CFC7421001CB851 /* List+CoreDataProperties.m */; };
		AACDCC6D1CFC7421001CB851 /* List.m in Sources */ = {isa = PBXBuildFile; fileRef = AACDCC671CFC7421001CB851 /* List.m */; };
		AACDCC6E1CFC7421001CB851 /* Item+CoreDataProperties.m in Sources */ = {isa = PBXBuildFile; fileRef = AACDCC691CFC7421001CB851 /* Item+CoreDataProperties.m */; };
		AACDCC6F1CFC7421001CB851 /* Item.m in Sources */ = {isa = PBXBuildFile; fileRef = AACDCC6B1CFC7421001CB851 /* Item.m */; };
		AACDCC741CFC8489001CB851 /* InitialCreateListViewController.m in Sources */ = {isa = PBXBuildFile; fileRef = AACDCC731CFC8489001CB851 /* InitialCreateListViewController.m */; };
		AACDCC771CFD85B7001CB851 /* ListTableViewController.m in Sources */ = {isa = PBXBuildFile; fileRef = AACDCC761CFD85B7001CB851 /* ListTableViewController.m */; };
		AACDCC7A1CFD8B7D001CB851 /* Constants.m in Sources */ = {isa = PBXBuildFile; fileRef = AACDCC791CFD8B7D001CB851 /* Constants.m */; };
/* End PBXBuildFile section */

/* Begin PBXFileReference section */
		0A3C14052DD958D26580CB9A /* libPods-iWish.a */ = {isa = PBXFileReference; explicitFileType = archive.ar; includeInIndex = 0; path = "libPods-iWish.a"; sourceTree = BUILT_PRODUCTS_DIR; };
		67979D043C296DF059E120E2 /* Pods-iWish.release.xcconfig */ = {isa = PBXFileReference; includeInIndex = 1; lastKnownFileType = text.xcconfig; name = "Pods-iWish.release.xcconfig"; path = "Pods/Target Support Files/Pods-iWish/Pods-iWish.release.xcconfig"; sourceTree = "<group>"; };
		91D0306840EB4C853ACE4C03 /* Pods-iWish.debug.xcconfig */ = {isa = PBXFileReference; includeInIndex = 1; lastKnownFileType = text.xcconfig; name = "Pods-iWish.debug.xcconfig"; path = "Pods/Target Support Files/Pods-iWish/Pods-iWish.debug.xcconfig"; sourceTree = "<group>"; };
		AACDCC461CFC4E84001CB851 /* iWish.app */ = {isa = PBXFileReference; explicitFileType = wrapper.application; includeInIndex = 0; path = iWish.app; sourceTree = BUILT_PRODUCTS_DIR; };
		AACDCC4A1CFC4E84001CB851 /* main.m */ = {isa = PBXFileReference; lastKnownFileType = sourcecode.c.objc; path = main.m; sourceTree = "<group>"; };
		AACDCC4C1CFC4E84001CB851 /* AppDelegate.h */ = {isa = PBXFileReference; lastKnownFileType = sourcecode.c.h; path = AppDelegate.h; sourceTree = "<group>"; };
		AACDCC4D1CFC4E84001CB851 /* AppDelegate.m */ = {isa = PBXFileReference; lastKnownFileType = sourcecode.c.objc; path = AppDelegate.m; sourceTree = "<group>"; };
		AACDCC531CFC4E84001CB851 /* Base */ = {isa = PBXFileReference; lastKnownFileType = file.storyboard; name = Base; path = Base.lproj/Main.storyboard; sourceTree = "<group>"; };
		AACDCC561CFC4E84001CB851 /* iWish.xcdatamodel */ = {isa = PBXFileReference; lastKnownFileType = wrapper.xcdatamodel; path = iWish.xcdatamodel; sourceTree = "<group>"; };
		AACDCC581CFC4E84001CB851 /* Assets.xcassets */ = {isa = PBXFileReference; lastKnownFileType = folder.assetcatalog; path = Assets.xcassets; sourceTree = "<group>"; };
		AACDCC5B1CFC4E84001CB851 /* Base */ = {isa = PBXFileReference; lastKnownFileType = file.storyboard; name = Base; path = Base.lproj/LaunchScreen.storyboard; sourceTree = "<group>"; };
		AACDCC5D1CFC4E84001CB851 /* Info.plist */ = {isa = PBXFileReference; lastKnownFileType = text.plist.xml; path = Info.plist; sourceTree = "<group>"; };
		AACDCC641CFC7421001CB851 /* List+CoreDataProperties.h */ = {isa = PBXFileReference; fileEncoding = 4; lastKnownFileType = sourcecode.c.h; path = "List+CoreDataProperties.h"; sourceTree = "<group>"; };
		AACDCC651CFC7421001CB851 /* List+CoreDataProperties.m */ = {isa = PBXFileReference; fileEncoding = 4; lastKnownFileType = sourcecode.c.objc; path = "List+CoreDataProperties.m"; sourceTree = "<group>"; };
		AACDCC661CFC7421001CB851 /* List.h */ = {isa = PBXFileReference; fileEncoding = 4; lastKnownFileType = sourcecode.c.h; path = List.h; sourceTree = "<group>"; };
		AACDCC671CFC7421001CB851 /* List.m */ = {isa = PBXFileReference; fileEncoding = 4; lastKnownFileType = sourcecode.c.objc; path = List.m; sourceTree = "<group>"; };
		AACDCC681CFC7421001CB851 /* Item+CoreDataProperties.h */ = {isa = PBXFileReference; fileEncoding = 4; lastKnownFileType = sourcecode.c.h; path = "Item+CoreDataProperties.h"; sourceTree = "<group>"; };
		AACDCC691CFC7421001CB851 /* Item+CoreDataProperties.m */ = {isa = PBXFileReference; fileEncoding = 4; lastKnownFileType = sourcecode.c.objc; path = "Item+CoreDataProperties.m"; sourceTree = "<group>"; };
		AACDCC6A1CFC7421001CB851 /* Item.h */ = {isa = PBXFileReference; fileEncoding = 4; lastKnownFileType = sourcecode.c.h; path = Item.h; sourceTree = "<group>"; };
		AACDCC6B1CFC7421001CB851 /* Item.m */ = {isa = PBXFileReference; fileEncoding = 4; lastKnownFileType = sourcecode.c.objc; path = Item.m; sourceTree = "<group>"; };
		AACDCC721CFC8489001CB851 /* InitialCreateListViewController.h */ = {isa = PBXFileReference; fileEncoding = 4; lastKnownFileType = sourcecode.c.h; path = InitialCreateListViewController.h; sourceTree = "<group>"; };
		AACDCC731CFC8489001CB851 /* InitialCreateListViewController.m */ = {isa = PBXFileReference; fileEncoding = 4; lastKnownFileType = sourcecode.c.objc; path = InitialCreateListViewController.m; sourceTree = "<group>"; };
		AACDCC751CFD85B7001CB851 /* ListTableViewController.h */ = {isa = PBXFileReference; fileEncoding = 4; lastKnownFileType = sourcecode.c.h; path = ListTableViewController.h; sourceTree = "<group>"; };
		AACDCC761CFD85B7001CB851 /* ListTableViewController.m */ = {isa = PBXFileReference; fileEncoding = 4; lastKnownFileType = sourcecode.c.objc; path = ListTableViewController.m; sourceTree = "<group>"; };
		AACDCC781CFD8B59001CB851 /* Constants.h */ = {isa = PBXFileReference; lastKnownFileType = sourcecode.c.h; path = Constants.h; sourceTree = "<group>"; };
		AACDCC791CFD8B7D001CB851 /* Constants.m */ = {isa = PBXFileReference; fileEncoding = 4; lastKnownFileType = sourcecode.c.objc; path = Constants.m; sourceTree = "<group>"; };
		AACDCC7B1CFD8C80001CB851 /* iWish-prefix.pch */ = {isa = PBXFileReference; lastKnownFileType = sourcecode.c.h; path = "iWish-prefix.pch"; sourceTree = "<group>"; };
/* End PBXFileReference section */

/* Begin PBXFrameworksBuildPhase section */
		AACDCC431CFC4E84001CB851 /* Frameworks */ = {
			isa = PBXFrameworksBuildPhase;
			buildActionMask = 2147483647;
			files = (
				0081E2B05F30CEE83A960AE6 /* libPods-iWish.a in Frameworks */,
			);
			runOnlyForDeploymentPostprocessing = 0;
		};
/* End PBXFrameworksBuildPhase section */

/* Begin PBXGroup section */
		3CA67EA3D6919CF42CA81849 /* Pods */ = {
			isa = PBXGroup;
			children = (
				91D0306840EB4C853ACE4C03 /* Pods-iWish.debug.xcconfig */,
				67979D043C296DF059E120E2 /* Pods-iWish.release.xcconfig */,
			);
			name = Pods;
			sourceTree = "<group>";
		};
		85A7CA05AC20F777BEDE2745 /* Frameworks */ = {
			isa = PBXGroup;
			children = (
				0A3C14052DD958D26580CB9A /* libPods-iWish.a */,
			);
			name = Frameworks;
			sourceTree = "<group>";
		};
		AACDCC3D1CFC4E84001CB851 = {
			isa = PBXGroup;
			children = (
				AACDCC481CFC4E84001CB851 /* iWish */,
				AACDCC471CFC4E84001CB851 /* Products */,
				3CA67EA3D6919CF42CA81849 /* Pods */,
				85A7CA05AC20F777BEDE2745 /* Frameworks */,
			);
			sourceTree = "<group>";
		};
		AACDCC471CFC4E84001CB851 /* Products */ = {
			isa = PBXGroup;
			children = (
				AACDCC461CFC4E84001CB851 /* iWish.app */,
			);
			name = Products;
			sourceTree = "<group>";
		};
		AACDCC481CFC4E84001CB851 /* iWish */ = {
			isa = PBXGroup;
			children = (
				AACDCC631CFC7406001CB851 /* Core Date Models */,
				AACDCC711CFC8425001CB851 /* View Controllers */,
				AACDCC4D1CFC4E84001CB851 /* AppDelegate.m */,
				AACDCC4C1CFC4E84001CB851 /* AppDelegate.h */,
				AACDCC781CFD8B59001CB851 /* Constants.h */,
				AACDCC791CFD8B7D001CB851 /* Constants.m */,
				AACDCC521CFC4E84001CB851 /* Main.storyboard */,
				AACDCC581CFC4E84001CB851 /* Assets.xcassets */,
				AACDCC5A1CFC4E84001CB851 /* LaunchScreen.storyboard */,
				AACDCC5D1CFC4E84001CB851 /* Info.plist */,
				AACDCC491CFC4E84001CB851 /* Supporting Files */,
			);
			path = iWish;
			sourceTree = "<group>";
		};
		AACDCC491CFC4E84001CB851 /* Supporting Files */ = {
			isa = PBXGroup;
			children = (
				AACDCC4A1CFC4E84001CB851 /* main.m */,
				AACDCC7B1CFD8C80001CB851 /* iWish-prefix.pch */,
			);
			name = "Supporting Files";
			sourceTree = "<group>";
		};
		AACDCC631CFC7406001CB851 /* Core Date Models */ = {
			isa = PBXGroup;
			children = (
				AACDCC551CFC4E84001CB851 /* iWish.xcdatamodeld */,
				AACDCC701CFC744C001CB851 /* XCODE GENERATED - DO NOT EDIT */,
				AACDCC661CFC7421001CB851 /* List.h */,
				AACDCC671CFC7421001CB851 /* List.m */,
				AACDCC6A1CFC7421001CB851 /* Item.h */,
				AACDCC6B1CFC7421001CB851 /* Item.m */,
			);
			name = "Core Date Models";
			sourceTree = "<group>";
		};
		AACDCC701CFC744C001CB851 /* XCODE GENERATED - DO NOT EDIT */ = {
			isa = PBXGroup;
			children = (
				AACDCC641CFC7421001CB851 /* List+CoreDataProperties.h */,
				AACDCC651CFC7421001CB851 /* List+CoreDataProperties.m */,
				AACDCC681CFC7421001CB851 /* Item+CoreDataProperties.h */,
				AACDCC691CFC7421001CB851 /* Item+CoreDataProperties.m */,
			);
			name = "XCODE GENERATED - DO NOT EDIT";
			sourceTree = "<group>";
		};
		AACDCC711CFC8425001CB851 /* View Controllers */ = {
			isa = PBXGroup;
			children = (
				AACDCC721CFC8489001CB851 /* InitialCreateListViewController.h */,
				AACDCC731CFC8489001CB851 /* InitialCreateListViewController.m */,
				AACDCC751CFD85B7001CB851 /* ListTableViewController.h */,
				AACDCC761CFD85B7001CB851 /* ListTableViewController.m */,
			);
			name = "View Controllers";
			sourceTree = "<group>";
		};
/* End PBXGroup section */

/* Begin PBXNativeTarget section */
		AACDCC451CFC4E84001CB851 /* iWish */ = {
			isa = PBXNativeTarget;
			buildConfigurationList = AACDCC601CFC4E84001CB851 /* Build configuration list for PBXNativeTarget "iWish" */;
			buildPhases = (
				CE2E28E815069F1685DC8A85 /* 📦 Check Pods Manifest.lock */,
				AACDCC421CFC4E84001CB851 /* Sources */,
				AACDCC431CFC4E84001CB851 /* Frameworks */,
				AACDCC441CFC4E84001CB851 /* Resources */,
				F69FC93046C6767511CF5AED /* 📦 Embed Pods Frameworks */,
				F57EF897E1C77FD28266E867 /* 📦 Copy Pods Resources */,
			);
			buildRules = (
			);
			dependencies = (
			);
			name = iWish;
			productName = iWish;
			productReference = AACDCC461CFC4E84001CB851 /* iWish.app */;
			productType = "com.apple.product-type.application";
		};
/* End PBXNativeTarget section */

/* Begin PBXProject section */
		AACDCC3E1CFC4E84001CB851 /* Project object */ = {
			isa = PBXProject;
			attributes = {
				LastUpgradeCheck = 0730;
				ORGANIZATIONNAME = Elena;
				TargetAttributes = {
					AACDCC451CFC4E84001CB851 = {
						CreatedOnToolsVersion = 7.3.1;
					};
				};
			};
			buildConfigurationList = AACDCC411CFC4E84001CB851 /* Build configuration list for PBXProject "iWish" */;
			compatibilityVersion = "Xcode 3.2";
			developmentRegion = English;
			hasScannedForEncodings = 0;
			knownRegions = (
				en,
				Base,
			);
			mainGroup = AACDCC3D1CFC4E84001CB851;
			productRefGroup = AACDCC471CFC4E84001CB851 /* Products */;
			projectDirPath = "";
			projectRoot = "";
			targets = (
				AACDCC451CFC4E84001CB851 /* iWish */,
			);
		};
/* End PBXProject section */

/* Begin PBXResourcesBuildPhase section */
		AACDCC441CFC4E84001CB851 /* Resources */ = {
			isa = PBXResourcesBuildPhase;
			buildActionMask = 2147483647;
			files = (
				AACDCC5C1CFC4E84001CB851 /* LaunchScreen.storyboard in Resources */,
				AACDCC591CFC4E84001CB851 /* Assets.xcassets in Resources */,
				AACDCC541CFC4E84001CB851 /* Main.storyboard in Resources */,
			);
			runOnlyForDeploymentPostprocessing = 0;
		};
/* End PBXResourcesBuildPhase section */

/* Begin PBXShellScriptBuildPhase section */
		CE2E28E815069F1685DC8A85 /* 📦 Check Pods Manifest.lock */ = {
			isa = PBXShellScriptBuildPhase;
			buildActionMask = 2147483647;
			files = (
			);
			inputPaths = (
			);
			name = "📦 Check Pods Manifest.lock";
			outputPaths = (
			);
			runOnlyForDeploymentPostprocessing = 0;
			shellPath = /bin/sh;
			shellScript = "diff \"${PODS_ROOT}/../Podfile.lock\" \"${PODS_ROOT}/Manifest.lock\" > /dev/null\nif [[ $? != 0 ]] ; then\n    cat << EOM\nerror: The sandbox is not in sync with the Podfile.lock. Run 'pod install' or update your CocoaPods installation.\nEOM\n    exit 1\nfi\n";
			showEnvVarsInLog = 0;
		};
		F57EF897E1C77FD28266E867 /* 📦 Copy Pods Resources */ = {
			isa = PBXShellScriptBuildPhase;
			buildActionMask = 2147483647;
			files = (
			);
			inputPaths = (
			);
			name = "📦 Copy Pods Resources";
			outputPaths = (
			);
			runOnlyForDeploymentPostprocessing = 0;
			shellPath = /bin/sh;
			shellScript = "\"${SRCROOT}/Pods/Target Support Files/Pods-iWish/Pods-iWish-resources.sh\"\n";
			showEnvVarsInLog = 0;
		};
		F69FC93046C6767511CF5AED /* 📦 Embed Pods Frameworks */ = {
			isa = PBXShellScriptBuildPhase;
			buildActionMask = 2147483647;
			files = (
			);
			inputPaths = (
			);
			name = "📦 Embed Pods Frameworks";
			outputPaths = (
			);
			runOnlyForDeploymentPostprocessing = 0;
			shellPath = /bin/sh;
			shellScript = "\"${SRCROOT}/Pods/Target Support Files/Pods-iWish/Pods-iWish-frameworks.sh\"\n";
			showEnvVarsInLog = 0;
		};
/* End PBXShellScriptBuildPhase section */

/* Begin PBXSourcesBuildPhase section */
		AACDCC421CFC4E84001CB851 /* Sources */ = {
			isa = PBXSourcesBuildPhase;
			buildActionMask = 2147483647;
			files = (
				AACDCC6F1CFC7421001CB851 /* Item.m in Sources */,
				AACDCC6E1CFC7421001CB851 /* Item+CoreDataProperties.m in Sources */,
				AACDCC4E1CFC4E84001CB851 /* AppDelegate.m in Sources */,
				AACDCC571CFC4E84001CB851 /* iWish.xcdatamodeld in Sources */,
				AACDCC6D1CFC7421001CB851 /* List.m in Sources */,
				AACDCC7A1CFD8B7D001CB851 /* Constants.m in Sources */,
				AACDCC6C1CFC7421001CB851 /* List+CoreDataProperties.m in Sources */,
				AACDCC4B1CFC4E84001CB851 /* main.m in Sources */,
				AACDCC741CFC8489001CB851 /* InitialCreateListViewController.m in Sources */,
				AACDCC771CFD85B7001CB851 /* ListTableViewController.m in Sources */,
			);
			runOnlyForDeploymentPostprocessing = 0;
		};
/* End PBXSourcesBuildPhase section */

/* Begin PBXVariantGroup section */
		AACDCC521CFC4E84001CB851 /* Main.storyboard */ = {
			isa = PBXVariantGroup;
			children = (
				AACDCC531CFC4E84001CB851 /* Base */,
			);
			name = Main.storyboard;
			sourceTree = "<group>";
		};
		AACDCC5A1CFC4E84001CB851 /* LaunchScreen.storyboard */ = {
			isa = PBXVariantGroup;
			children = (
				AACDCC5B1CFC4E84001CB851 /* Base */,
			);
			name = LaunchScreen.storyboard;
			sourceTree = "<group>";
		};
/* End PBXVariantGroup section */

/* Begin XCBuildConfiguration section */
		AACDCC5E1CFC4E84001CB851 /* Debug */ = {
			isa = XCBuildConfiguration;
			buildSettings = {
				ALWAYS_SEARCH_USER_PATHS = NO;
				CLANG_ANALYZER_NONNULL = YES;
				CLANG_CXX_LANGUAGE_STANDARD = "gnu++0x";
				CLANG_CXX_LIBRARY = "libc++";
				CLANG_ENABLE_MODULES = YES;
				CLANG_ENABLE_OBJC_ARC = YES;
				CLANG_WARN_BOOL_CONVERSION = YES;
				CLANG_WARN_CONSTANT_CONVERSION = YES;
				CLANG_WARN_DIRECT_OBJC_ISA_USAGE = YES_ERROR;
				CLANG_WARN_EMPTY_BODY = YES;
				CLANG_WARN_ENUM_CONVERSION = YES;
				CLANG_WARN_INT_CONVERSION = YES;
				CLANG_WARN_OBJC_ROOT_CLASS = YES_ERROR;
				CLANG_WARN_UNREACHABLE_CODE = YES;
				CLANG_WARN__DUPLICATE_METHOD_MATCH = YES;
				"CODE_SIGN_IDENTITY[sdk=iphoneos*]" = "iPhone Developer";
				COPY_PHASE_STRIP = NO;
				DEBUG_INFORMATION_FORMAT = dwarf;
				ENABLE_STRICT_OBJC_MSGSEND = YES;
				ENABLE_TESTABILITY = YES;
				GCC_C_LANGUAGE_STANDARD = gnu99;
				GCC_DYNAMIC_NO_PIC = NO;
				GCC_NO_COMMON_BLOCKS = YES;
				GCC_OPTIMIZATION_LEVEL = 0;
				GCC_PREPROCESSOR_DEFINITIONS = (
					"DEBUG=1",
					"$(inherited)",
				);
				GCC_WARN_64_TO_32_BIT_CONVERSION = YES;
				GCC_WARN_ABOUT_RETURN_TYPE = YES_ERROR;
				GCC_WARN_UNDECLARED_SELECTOR = YES;
				GCC_WARN_UNINITIALIZED_AUTOS = YES_AGGRESSIVE;
				GCC_WARN_UNUSED_FUNCTION = YES;
				GCC_WARN_UNUSED_VARIABLE = YES;
				IPHONEOS_DEPLOYMENT_TARGET = 9.3;
				MTL_ENABLE_DEBUG_INFO = YES;
				ONLY_ACTIVE_ARCH = YES;
				SDKROOT = iphoneos;
				TARGETED_DEVICE_FAMILY = "1,2";
			};
			name = Debug;
		};
		AACDCC5F1CFC4E84001CB851 /* Release */ = {
			isa = XCBuildConfiguration;
			buildSettings = {
				ALWAYS_SEARCH_USER_PATHS = NO;
				CLANG_ANALYZER_NONNULL = YES;
				CLANG_CXX_LANGUAGE_STANDARD = "gnu++0x";
				CLANG_CXX_LIBRARY = "libc++";
				CLANG_ENABLE_MODULES = YES;
				CLANG_ENABLE_OBJC_ARC = YES;
				CLANG_WARN_BOOL_CONVERSION = YES;
				CLANG_WARN_CONSTANT_CONVERSION = YES;
				CLANG_WARN_DIRECT_OBJC_ISA_USAGE = YES_ERROR;
				CLANG_WARN_EMPTY_BODY = YES;
				CLANG_WARN_ENUM_CONVERSION = YES;
				CLANG_WARN_INT_CONVERSION = YES;
				CLANG_WARN_OBJC_ROOT_CLASS = YES_ERROR;
				CLANG_WARN_UNREACHABLE_CODE = YES;
				CLANG_WARN__DUPLICATE_METHOD_MATCH = YES;
				"CODE_SIGN_IDENTITY[sdk=iphoneos*]" = "iPhone Developer";
				COPY_PHASE_STRIP = NO;
				DEBUG_INFORMATION_FORMAT = "dwarf-with-dsym";
				ENABLE_NS_ASSERTIONS = NO;
				ENABLE_STRICT_OBJC_MSGSEND = YES;
				GCC_C_LANGUAGE_STANDARD = gnu99;
				GCC_NO_COMMON_BLOCKS = YES;
				GCC_WARN_64_TO_32_BIT_CONVERSION = YES;
				GCC_WARN_ABOUT_RETURN_TYPE = YES_ERROR;
				GCC_WARN_UNDECLARED_SELECTOR = YES;
				GCC_WARN_UNINITIALIZED_AUTOS = YES_AGGRESSIVE;
				GCC_WARN_UNUSED_FUNCTION = YES;
				GCC_WARN_UNUSED_VARIABLE = YES;
				IPHONEOS_DEPLOYMENT_TARGET = 9.3;
				MTL_ENABLE_DEBUG_INFO = NO;
				SDKROOT = iphoneos;
				TARGETED_DEVICE_FAMILY = "1,2";
				VALIDATE_PRODUCT = YES;
			};
			name = Release;
		};
		AACDCC611CFC4E84001CB851 /* Debug */ = {
			isa = XCBuildConfiguration;
			baseConfigurationReference = 91D0306840EB4C853ACE4C03 /* Pods-iWish.debug.xcconfig */;
			buildSettings = {
				ASSETCATALOG_COMPILER_APPICON_NAME = AppIcon;
				GCC_PREFIX_HEADER = "iWish/iWish-prefix.pch";
				INFOPLIST_FILE = iWish/Info.plist;
				LD_RUNPATH_SEARCH_PATHS = "$(inherited) @executable_path/Frameworks";
				PRODUCT_BUNDLE_IDENTIFIER = com.Elena.iWish;
				PRODUCT_NAME = "$(TARGET_NAME)";
			};
			name = Debug;
		};
		AACDCC621CFC4E84001CB851 /* Release */ = {
			isa = XCBuildConfiguration;
			baseConfigurationReference = 67979D043C296DF059E120E2 /* Pods-iWish.release.xcconfig */;
			buildSettings = {
				ASSETCATALOG_COMPILER_APPICON_NAME = AppIcon;
				GCC_PREFIX_HEADER = "iWish/iWish-prefix.pch";
				INFOPLIST_FILE = iWish/Info.plist;
				LD_RUNPATH_SEARCH_PATHS = "$(inherited) @executable_path/Frameworks";
				PRODUCT_BUNDLE_IDENTIFIER = com.Elena.iWish;
				PRODUCT_NAME = "$(TARGET_NAME)";
			};
			name = Release;
		};
/* End XCBuildConfiguration section */

/* Begin XCConfigurationList section */
		AACDCC411CFC4E84001CB851 /* Build configuration list for PBXProject "iWish" */ = {
			isa = XCConfigurationList;
			buildConfigurations = (
				AACDCC5E1CFC4E84001CB851 /* Debug */,
				AACDCC5F1CFC4E84001CB851 /* Release */,
			);
			defaultConfigurationIsVisible = 0;
			defaultConfigurationName = Release;
		};
		AACDCC601CFC4E84001CB851 /* Build configuration list for PBXNativeTarget "iWish" */ = {
			isa = XCConfigurationList;
			buildConfigurations = (
				AACDCC611CFC4E84001CB851 /* Debug */,
				AACDCC621CFC4E84001CB851 /* Release */,
			);
			defaultConfigurationIsVisible = 0;
			defaultConfigurationName = Release;
		};
/* End XCConfigurationList section */

/* Begin XCVersionGroup section */
		AACDCC551CFC4E84001CB851 /* iWish.xcdatamodeld */ = {
			isa = XCVersionGroup;
			children = (
				AACDCC561CFC4E84001CB851 /* iWish.xcdatamodel */,
			);
			currentVersion = AACDCC561CFC4E84001CB851 /* iWish.xcdatamodel */;
			path = iWish.xcdatamodeld;
			sourceTree = "<group>";
			versionGroupType = wrapper.xcdatamodel;
		};
/* End XCVersionGroup section */
	};
	rootObject = AACDCC3E1CFC4E84001CB851 /* Project object */;
}
